
Microsoft Visual Studio Solution File, Format Version 12.00
# Visual Studio Version 17
VisualStudioVersion = 17.0.31903.59
MinimumVisualStudioVersion = 10.0.40219.1
Project("{FAE04EC0-301F-11D3-BF4B-00C04F79EFBC}") = "AngleSharpSample.WebApi", "AngleSharpSample.WebApi\AngleSharpSample.WebApi.csproj", "{D5608641-0E18-43F1-8F8C-9593F1DD5389}"
EndProject
Global
	GlobalSection(SolutionConfigurationPlatforms) = preSolution
		Debug|Any CPU = Debug|Any CPU
		Release|Any CPU = Release|Any CPU
	EndGlobalSection
	GlobalSection(ProjectConfigurationPlatforms) = postSolution
		{D5608641-0E18-43F1-8F8C-9593F1DD5389}.Debug|Any CPU.ActiveCfg = Debug|Any CPU
		{D5608641-0E18-43F1-8F8C-9593F1DD5389}.Debug|Any CPU.Build.0 = Debug|Any CPU
		{D5608641-0E18-43F1-8F8C-9593F1DD5389}.Release|Any CPU.ActiveCfg = Release|Any CPU
		{D5608641-0E18-43F1-8F8C-9593F1DD5389}.Release|Any CPU.Build.0 = Release|Any CPU
	EndGlobalSection
	GlobalSection(SolutionProperties) = preSolution
		HideSolutionNode = FALSE
	EndGlobalSection
	GlobalSection(ExtensibilityGlobals) = postSolution
		SolutionGuid = {515112E9-CE2B-42C0-8A59-BACBD9858D7C}
	EndGlobalSection
EndGlobal
