
Microsoft Visual Studio Solution File, Format Version 12.00
# Visual Studio Version 17
VisualStudioVersion = 17.0.31903.59
MinimumVisualStudioVersion = 10.0.40219.1
Project("{FAE04EC0-301F-11D3-BF4B-00C04F79EFBC}") = "WorkerServiceSample.WorkerService", "WorkerServiceSample.WorkerService\WorkerServiceSample.WorkerService.csproj", "{A9C479DE-B285-4CAB-AE8C-BE3EF38692F7}"
EndProject
Global
	GlobalSection(SolutionConfigurationPlatforms) = preSolution
		Debug|Any CPU = Debug|Any CPU
		Release|Any CPU = Release|Any CPU
	EndGlobalSection
	GlobalSection(ProjectConfigurationPlatforms) = postSolution
		{A9C479DE-B285-4CAB-AE8C-BE3EF38692F7}.Debug|Any CPU.ActiveCfg = Debug|Any CPU
		{A9C479DE-B285-4CAB-AE8C-BE3EF38692F7}.Debug|Any CPU.Build.0 = Debug|Any CPU
		{A9C479DE-B285-4CAB-AE8C-BE3EF38692F7}.Release|Any CPU.ActiveCfg = Release|Any CPU
		{A9C479DE-B285-4CAB-AE8C-BE3EF38692F7}.Release|Any CPU.Build.0 = Release|Any CPU
	EndGlobalSection
	GlobalSection(SolutionProperties) = preSolution
		HideSolutionNode = FALSE
	EndGlobalSection
	GlobalSection(ExtensibilityGlobals) = postSolution
		SolutionGuid = {DD161067-1405-4762-91F1-D6D26E85337F}
	EndGlobalSection
EndGlobal
