
Microsoft Visual Studio Solution File, Format Version 12.00
# Visual Studio Version 17
VisualStudioVersion = 17.0.31903.59
MinimumVisualStudioVersion = 10.0.40219.1
Project("{9A19103F-16F7-4668-BE54-9A1E7A4F7556}") = "YieldReturnSample.ConsoleApp", "YieldReturnSample.ConsoleApp\YieldReturnSample.ConsoleApp.csproj", "{114FF8CD-99E4-46CC-96A3-E7DEBED0A42F}"
EndProject
Global
	GlobalSection(SolutionConfigurationPlatforms) = preSolution
		Debug|Any CPU = Debug|Any CPU
		Release|Any CPU = Release|Any CPU
	EndGlobalSection
	GlobalSection(ProjectConfigurationPlatforms) = postSolution
		{114FF8CD-99E4-46CC-96A3-E7DEBED0A42F}.Debug|Any CPU.ActiveCfg = Debug|Any CPU
		{114FF8CD-99E4-46CC-96A3-E7DEBED0A42F}.Debug|Any CPU.Build.0 = Debug|Any CPU
		{114FF8CD-99E4-46CC-96A3-E7DEBED0A42F}.Release|Any CPU.ActiveCfg = Release|Any CPU
		{114FF8CD-99E4-46CC-96A3-E7DEBED0A42F}.Release|Any CPU.Build.0 = Release|Any CPU
	EndGlobalSection
	GlobalSection(SolutionProperties) = preSolution
		HideSolutionNode = FALSE
	EndGlobalSection
	GlobalSection(ExtensibilityGlobals) = postSolution
		SolutionGuid = {626E6BC5-8C66-4D9B-A9DD-AF8CA599653A}
	EndGlobalSection
EndGlobal
