
Microsoft Visual Studio Solution File, Format Version 12.00
# Visual Studio Version 17
VisualStudioVersion = 17.0.31903.59
MinimumVisualStudioVersion = 10.0.40219.1
Project("{2150E333-8FDC-42A3-9474-1A3956D46DE8}") = "MappingSample", "MappingSample", "{E6CAF0D3-0001-4824-AC9F-F7D82E74096A}"
EndProject
Project("{9A19103F-16F7-4668-BE54-9A1E7A4F7556}") = "MappingSample", "MappingSample\MappingSample.csproj", "{2917AAE2-E802-4AB3-9279-5DB78BD1A52F}"
EndProject
Project("{2150E333-8FDC-42A3-9474-1A3956D46DE8}") = "GenericRepositorySample", "GenericRepositorySample", "{AF01D10C-D64E-4E36-A9E5-859EEB7F1C14}"
EndProject
Project("{9A19103F-16F7-4668-BE54-9A1E7A4F7556}") = "GenericRepositorySample", "GenericRepositorySample\GenericRepositorySample.csproj", "{7F26335A-F75B-4A1B-B045-FE437771FA20}"
EndProject
Project("{9A19103F-16F7-4668-BE54-9A1E7A4F7556}") = "DelegateSample", "DelegateSample\DelegateSample.csproj", "{25341F3E-C49E-42BE-9F72-22FE09AA81D7}"
EndProject
Project("{2150E333-8FDC-42A3-9474-1A3956D46DE8}") = "DelegateSample", "DelegateSample", "{B6C0E8FA-4DA1-4318-A7D5-42ECBC0867C1}"
EndProject
Project("{9A19103F-16F7-4668-BE54-9A1E7A4F7556}") = "AnonymouseFunction", "AnonymouseFunction\AnonymouseFunction.csproj", "{99B1314C-812D-4C92-81F6-2DD2C68D4DBD}"
EndProject
Project("{2150E333-8FDC-42A3-9474-1A3956D46DE8}") = "AnonymouseFunction", "AnonymouseFunction", "{3E2E7F1A-4F99-4BAE-A82E-F2E9203044BB}"
EndProject
Global
	GlobalSection(SolutionConfigurationPlatforms) = preSolution
		Debug|Any CPU = Debug|Any CPU
		Release|Any CPU = Release|Any CPU
	EndGlobalSection
	GlobalSection(ProjectConfigurationPlatforms) = postSolution
		{2917AAE2-E802-4AB3-9279-5DB78BD1A52F}.Debug|Any CPU.ActiveCfg = Debug|Any CPU
		{2917AAE2-E802-4AB3-9279-5DB78BD1A52F}.Debug|Any CPU.Build.0 = Debug|Any CPU
		{2917AAE2-E802-4AB3-9279-5DB78BD1A52F}.Release|Any CPU.ActiveCfg = Release|Any CPU
		{2917AAE2-E802-4AB3-9279-5DB78BD1A52F}.Release|Any CPU.Build.0 = Release|Any CPU
		{7F26335A-F75B-4A1B-B045-FE437771FA20}.Debug|Any CPU.ActiveCfg = Debug|Any CPU
		{7F26335A-F75B-4A1B-B045-FE437771FA20}.Debug|Any CPU.Build.0 = Debug|Any CPU
		{7F26335A-F75B-4A1B-B045-FE437771FA20}.Release|Any CPU.ActiveCfg = Release|Any CPU
		{7F26335A-F75B-4A1B-B045-FE437771FA20}.Release|Any CPU.Build.0 = Release|Any CPU
		{25341F3E-C49E-42BE-9F72-22FE09AA81D7}.Debug|Any CPU.ActiveCfg = Debug|Any CPU
		{25341F3E-C49E-42BE-9F72-22FE09AA81D7}.Debug|Any CPU.Build.0 = Debug|Any CPU
		{25341F3E-C49E-42BE-9F72-22FE09AA81D7}.Release|Any CPU.ActiveCfg = Release|Any CPU
		{25341F3E-C49E-42BE-9F72-22FE09AA81D7}.Release|Any CPU.Build.0 = Release|Any CPU
		{99B1314C-812D-4C92-81F6-2DD2C68D4DBD}.Debug|Any CPU.ActiveCfg = Debug|Any CPU
		{99B1314C-812D-4C92-81F6-2DD2C68D4DBD}.Debug|Any CPU.Build.0 = Debug|Any CPU
		{99B1314C-812D-4C92-81F6-2DD2C68D4DBD}.Release|Any CPU.ActiveCfg = Release|Any CPU
		{99B1314C-812D-4C92-81F6-2DD2C68D4DBD}.Release|Any CPU.Build.0 = Release|Any CPU
	EndGlobalSection
	GlobalSection(SolutionProperties) = preSolution
		HideSolutionNode = FALSE
	EndGlobalSection
	GlobalSection(NestedProjects) = preSolution
		{2917AAE2-E802-4AB3-9279-5DB78BD1A52F} = {E6CAF0D3-0001-4824-AC9F-F7D82E74096A}
		{7F26335A-F75B-4A1B-B045-FE437771FA20} = {AF01D10C-D64E-4E36-A9E5-859EEB7F1C14}
		{25341F3E-C49E-42BE-9F72-22FE09AA81D7} = {B6C0E8FA-4DA1-4318-A7D5-42ECBC0867C1}
		{99B1314C-812D-4C92-81F6-2DD2C68D4DBD} = {3E2E7F1A-4F99-4BAE-A82E-F2E9203044BB}
	EndGlobalSection
	GlobalSection(ExtensibilityGlobals) = postSolution
		SolutionGuid = {80359828-D192-405E-82E2-1392E4D35199}
	EndGlobalSection
EndGlobal
