
Microsoft Visual Studio Solution File, Format Version 12.00
# Visual Studio Version 17
VisualStudioVersion = 17.0.31903.59
MinimumVisualStudioVersion = 10.0.40219.1
Project("{2150E333-8FDC-42A3-9474-1A3956D46DE8}") = "MappingSample", "MappingSample", "{E6CAF0D3-0001-4824-AC9F-F7D82E74096A}"
EndProject
Project("{FAE04EC0-301F-11D3-BF4B-00C04F79EFBC}") = "MappingSample", "MappingSample\MappingSample.csproj", "{2917AAE2-E802-4AB3-9279-5DB78BD1A52F}"
EndProject
Global
	GlobalSection(SolutionConfigurationPlatforms) = preSolution
		Debug|Any CPU = Debug|Any CPU
		Release|Any CPU = Release|Any CPU
	EndGlobalSection
	GlobalSection(ProjectConfigurationPlatforms) = postSolution
		{2917AAE2-E802-4AB3-9279-5DB78BD1A52F}.Debug|Any CPU.ActiveCfg = Debug|Any CPU
		{2917AAE2-E802-4AB3-9279-5DB78BD1A52F}.Debug|Any CPU.Build.0 = Debug|Any CPU
		{2917AAE2-E802-4AB3-9279-5DB78BD1A52F}.Release|Any CPU.ActiveCfg = Release|Any CPU
		{2917AAE2-E802-4AB3-9279-5DB78BD1A52F}.Release|Any CPU.Build.0 = Release|Any CPU
	EndGlobalSection
	GlobalSection(SolutionProperties) = preSolution
		HideSolutionNode = FALSE
	EndGlobalSection
	GlobalSection(NestedProjects) = preSolution
		{2917AAE2-E802-4AB3-9279-5DB78BD1A52F} = {E6CAF0D3-0001-4824-AC9F-F7D82E74096A}
	EndGlobalSection
	GlobalSection(ExtensibilityGlobals) = postSolution
		SolutionGuid = {80359828-D192-405E-82E2-1392E4D35199}
	EndGlobalSection
EndGlobal
