
Microsoft Visual Studio Solution File, Format Version 12.00
# Visual Studio Version 17
VisualStudioVersion = 17.0.31903.59
MinimumVisualStudioVersion = 10.0.40219.1
Project("{9A19103F-16F7-4668-BE54-9A1E7A4F7556}") = "CustomMiddlewareSample", "CustomMiddlewareSample\CustomMiddlewareSample.csproj", "{E71B99C5-53E3-4837-B3CF-CFF63DA1BAE5}"
EndProject
Project("{FAE04EC0-301F-11D3-BF4B-00C04F79EFBC}") = "FilterAttribute", "FilterAttribute\FilterAttribute.csproj", "{65BABA10-DD00-4B68-A48C-BF0D185A33CA}"
EndProject
Global
	GlobalSection(SolutionConfigurationPlatforms) = preSolution
		Debug|Any CPU = Debug|Any CPU
		Release|Any CPU = Release|Any CPU
	EndGlobalSection
	GlobalSection(ProjectConfigurationPlatforms) = postSolution
		{E71B99C5-53E3-4837-B3CF-CFF63DA1BAE5}.Debug|Any CPU.ActiveCfg = Debug|Any CPU
		{E71B99C5-53E3-4837-B3CF-CFF63DA1BAE5}.Debug|Any CPU.Build.0 = Debug|Any CPU
		{E71B99C5-53E3-4837-B3CF-CFF63DA1BAE5}.Release|Any CPU.ActiveCfg = Release|Any CPU
		{E71B99C5-53E3-4837-B3CF-CFF63DA1BAE5}.Release|Any CPU.Build.0 = Release|Any CPU
		{65BABA10-DD00-4B68-A48C-BF0D185A33CA}.Debug|Any CPU.ActiveCfg = Debug|Any CPU
		{65BABA10-DD00-4B68-A48C-BF0D185A33CA}.Debug|Any CPU.Build.0 = Debug|Any CPU
		{65BABA10-DD00-4B68-A48C-BF0D185A33CA}.Release|Any CPU.ActiveCfg = Release|Any CPU
		{65BABA10-DD00-4B68-A48C-BF0D185A33CA}.Release|Any CPU.Build.0 = Release|Any CPU
	EndGlobalSection
	GlobalSection(SolutionProperties) = preSolution
		HideSolutionNode = FALSE
	EndGlobalSection
	GlobalSection(ExtensibilityGlobals) = postSolution
		SolutionGuid = {084236A3-008D-486B-8A33-FFF46371EEAC}
	EndGlobalSection
EndGlobal
