Microsoft Visual Studio Solution File, Format Version 12.00
# Visual Studio Version 17
VisualStudioVersion = 17.0.31903.59
MinimumVisualStudioVersion = 10.0.40219.1
Project("{9A19103F-16F7-4668-BE54-9A1E7A4F7556}") = "IterationSample.ConsoleApp", "IterationSample.ConsoleApp\IterationSample.ConsoleApp.csproj", "{7E2AEB40-AC3D-4533-8C76-A0137D575B43}"
EndProject
Global
	GlobalSection(SolutionConfigurationPlatforms) = preSolution
		Debug|Any CPU = Debug|Any CPU
		Release|Any CPU = Release|Any CPU
	EndGlobalSection
	GlobalSection(ProjectConfigurationPlatforms) = postSolution
		{7E2AEB40-AC3D-4533-8C76-A0137D575B43}.Debug|Any CPU.ActiveCfg = Debug|Any CPU
		{7E2AEB40-AC3D-4533-8C76-A0137D575B43}.Debug|Any CPU.Build.0 = Debug|Any CPU
		{7E2AEB40-AC3D-4533-8C76-A0137D575B43}.Release|Any CPU.ActiveCfg = Release|Any CPU
		{7E2AEB40-AC3D-4533-8C76-A0137D575B43}.Release|Any CPU.Build.0 = Release|Any CPU
	EndGlobalSection
	GlobalSection(SolutionProperties) = preSolution
		HideSolutionNode = FALSE
	EndGlobalSection
	GlobalSection(ExtensibilityGlobals) = postSolution
		SolutionGuid = {E06AA43C-67FE-4AEE-8251-5E4408C0F2EF}
	EndGlobalSection
EndGlobal
