
Microsoft Visual Studio Solution File, Format Version 12.00
# Visual Studio Version 17
VisualStudioVersion = 17.3.32825.248
MinimumVisualStudioVersion = 10.0.40219.1
Project("{9A19103F-16F7-4668-BE54-9A1E7A4F7556}") = "NUnitSample.Application", "NUnitSample.Application\NUnitSample.Application.csproj", "{F5BFB350-26AF-47E1-9CB6-410A15082282}"
EndProject
Project("{FAE04EC0-301F-11D3-BF4B-00C04F79EFBC}") = "NUnitSample.UnitTests", "NUnitSample.UnitTests\NUnitSample.UnitTests.csproj", "{BC1FA56C-C09A-4C98-9350-27001F45A17B}"
EndProject
Global
	GlobalSection(SolutionConfigurationPlatforms) = preSolution
		Debug|Any CPU = Debug|Any CPU
		Release|Any CPU = Release|Any CPU
	EndGlobalSection
	GlobalSection(ProjectConfigurationPlatforms) = postSolution
		{F5BFB350-26AF-47E1-9CB6-410A15082282}.Debug|Any CPU.ActiveCfg = Debug|Any CPU
		{F5BFB350-26AF-47E1-9CB6-410A15082282}.Debug|Any CPU.Build.0 = Debug|Any CPU
		{F5BFB350-26AF-47E1-9CB6-410A15082282}.Release|Any CPU.ActiveCfg = Release|Any CPU
		{F5BFB350-26AF-47E1-9CB6-410A15082282}.Release|Any CPU.Build.0 = Release|Any CPU
		{BC1FA56C-C09A-4C98-9350-27001F45A17B}.Debug|Any CPU.ActiveCfg = Debug|Any CPU
		{BC1FA56C-C09A-4C98-9350-27001F45A17B}.Debug|Any CPU.Build.0 = Debug|Any CPU
		{BC1FA56C-C09A-4C98-9350-27001F45A17B}.Release|Any CPU.ActiveCfg = Release|Any CPU
		{BC1FA56C-C09A-4C98-9350-27001F45A17B}.Release|Any CPU.Build.0 = Release|Any CPU
	EndGlobalSection
	GlobalSection(SolutionProperties) = preSolution
		HideSolutionNode = FALSE
	EndGlobalSection
	GlobalSection(ExtensibilityGlobals) = postSolution
		SolutionGuid = {1E8615FF-B2C7-4F16-A19C-A4EF14258A1F}
	EndGlobalSection
EndGlobal
