
Microsoft Visual Studio Solution File, Format Version 12.00
# Visual Studio Version 17
VisualStudioVersion = 17.0.31903.59
MinimumVisualStudioVersion = 10.0.40219.1
Project("{FAE04EC0-301F-11D3-BF4B-00C04F79EFBC}") = "AutoMapperSample.Api", "AutoMapperSample.Api\AutoMapperSample.Api.csproj", "{DF175186-3BB8-4729-B385-F13185FAD94D}"
EndProject
Global
	GlobalSection(SolutionConfigurationPlatforms) = preSolution
		Debug|Any CPU = Debug|Any CPU
		Release|Any CPU = Release|Any CPU
	EndGlobalSection
	GlobalSection(ProjectConfigurationPlatforms) = postSolution
		{DF175186-3BB8-4729-B385-F13185FAD94D}.Debug|Any CPU.ActiveCfg = Debug|Any CPU
		{DF175186-3BB8-4729-B385-F13185FAD94D}.Debug|Any CPU.Build.0 = Debug|Any CPU
		{DF175186-3BB8-4729-B385-F13185FAD94D}.Release|Any CPU.ActiveCfg = Release|Any CPU
		{DF175186-3BB8-4729-B385-F13185FAD94D}.Release|Any CPU.Build.0 = Release|Any CPU
	EndGlobalSection
	GlobalSection(SolutionProperties) = preSolution
		HideSolutionNode = FALSE
	EndGlobalSection
	GlobalSection(ExtensibilityGlobals) = postSolution
		SolutionGuid = {6816CC6D-0300-4566-B529-75C9E5E24406}
	EndGlobalSection
EndGlobal
